// !$*UTF8*$!
{
	archiveVersion = 1;
	classes = {
	};
	objectVersion = 50;
	objects = {

/* Begin PBXBuildFile section */
		CD537DF721A858F8007421A7 /* AppDelegate.swift in Sources */ = {isa = PBXBuildFile; fileRef = CD537DF621A858F8007421A7 /* AppDelegate.swift */; };
		CD537DF921A858F8007421A7 /* Assets.xcassets in Resources */ = {isa = PBXBuildFile; fileRef = CD537DF821A858F8007421A7 /* Assets.xcassets */; };
		CD537DFC21A858F8007421A7 /* MainMenu.xib in Resources */ = {isa = PBXBuildFile; fileRef = CD537DFA21A858F8007421A7 /* MainMenu.xib */; };
		CD537E0821A858F8007421A7 /* _2_WindowTests.swift in Sources */ = {isa = PBXBuildFile; fileRef = CD537E0721A858F8007421A7 /* _2_WindowTests.swift */; };
		CD537E1321A858F8007421A7 /* _2_WindowUITests.swift in Sources */ = {isa = PBXBuildFile; fileRef = CD537E1221A858F8007421A7 /* _2_WindowUITests.swift */; };
		CD537E2321A8610D007421A7 /* AppIcon.png in Resources */ = {isa = PBXBuildFile; fileRef = CD537E2221A8610D007421A7 /* AppIcon.png */; };
/* End PBXBuildFile section */

/* Begin PBXContainerItemProxy section */
		CD537E0421A858F8007421A7 /* PBXContainerItemProxy */ = {
			isa = PBXContainerItemProxy;
			containerPortal = CD537DEB21A858F7007421A7 /* Project object */;
			proxyType = 1;
			remoteGlobalIDString = CD537DF221A858F8007421A7;
			remoteInfo = 02_Window;
		};
		CD537E0F21A858F8007421A7 /* PBXContainerItemProxy */ = {
			isa = PBXContainerItemProxy;
			containerPortal = CD537DEB21A858F7007421A7 /* Project object */;
			proxyType = 1;
			remoteGlobalIDString = CD537DF221A858F8007421A7;
			remoteInfo = 02_Window;
		};
/* End PBXContainerItemProxy section */

/* Begin PBXFileReference section */
		CD537DF321A858F8007421A7 /* 02_Window.app */ = {isa = PBXFileReference; explicitFileType = wrapper.application; includeInIndex = 0; path = 02_Window.app; sourceTree = BUILT_PRODUCTS_DIR; };
		CD537DF621A858F8007421A7 /* AppDelegate.swift */ = {isa = PBXFileReference; lastKnownFileType = sourcecode.swift; path = AppDelegate.swift; sourceTree = "<group>"; };
		CD537DF821A858F8007421A7 /* Assets.xcassets */ = {isa = PBXFileReference; lastKnownFileType = folder.assetcatalog; path = Assets.xcassets; sourceTree = "<group>"; };
		CD537DFB21A858F8007421A7 /* Base */ = {isa = PBXFileReference; lastKnownFileType = file.xib; name = Base; path = Base.lproj/MainMenu.xib; sourceTree = "<group>"; };
		CD537DFD21A858F8007421A7 /* Info.plist */ = {isa = PBXFileReference; lastKnownFileType = text.plist.xml; path = Info.plist; sourceTree = "<group>"; };
		CD537DFE21A858F8007421A7 /* _2_Window.entitlements */ = {isa = PBXFileReference; lastKnownFileType = text.plist.entitlements; path = _2_Window.entitlements; sourceTree = "<group>"; };
		CD537E0321A858F8007421A7 /* 02_WindowTests.xctest */ = {isa = PBXFileReference; explicitFileType = wrapper.cfbundle; includeInIndex = 0; path = 02_WindowTests.xctest; sourceTree = BUILT_PRODUCTS_DIR; };
		CD537E0721A858F8007421A7 /* _2_WindowTests.swift */ = {isa = PBXFileReference; lastKnownFileType = sourcecode.swift; path = _2_WindowTests.swift; sourceTree = "<group>"; };
		CD537E0921A858F8007421A7 /* Info.plist */ = {isa = PBXFileReference; lastKnownFileType = text.plist.xml; path = Info.plist; sourceTree = "<group>"; };
		CD537E0E21A858F8007421A7 /* 02_WindowUITests.xctest */ = {isa = PBXFileReference; explicitFileType = wrapper.cfbundle; includeInIndex = 0; path = 02_WindowUITests.xctest; sourceTree = BUILT_PRODUCTS_DIR; };
		CD537E1221A858F8007421A7 /* _2_WindowUITests.swift */ = {isa = PBXFileReference; lastKnownFileType = sourcecode.swift; path = _2_WindowUITests.swift; sourceTree = "<group>"; };
		CD537E1421A858F8007421A7 /* Info.plist */ = {isa = PBXFileReference; lastKnownFileType = text.plist.xml; path = Info.plist; sourceTree = "<group>"; };
		CD537E2221A8610D007421A7 /* AppIcon.png */ = {isa = PBXFileReference; lastKnownFileType = image.png; path = AppIcon.png; sourceTree = "<group>"; };
/* End PBXFileReference section */

/* Begin PBXFrameworksBuildPhase section */
		CD537DF021A858F8007421A7 /* Frameworks */ = {
			isa = PBXFrameworksBuildPhase;
			buildActionMask = 2147483647;
			files = (
			);
			runOnlyForDeploymentPostprocessing = 0;
		};
		CD537E0021A858F8007421A7 /* Frameworks */ = {
			isa = PBXFrameworksBuildPhase;
			buildActionMask = 2147483647;
			files = (
			);
			runOnlyForDeploymentPostprocessing = 0;
		};
		CD537E0B21A858F8007421A7 /* Frameworks */ = {
			isa = PBXFrameworksBuildPhase;
			buildActionMask = 2147483647;
			files = (
			);
			runOnlyForDeploymentPostprocessing = 0;
		};
/* End PBXFrameworksBuildPhase section */

/* Begin PBXGroup section */
		CD537DEA21A858F7007421A7 = {
			isa = PBXGroup;
			children = (
				CD537DF521A858F8007421A7 /* 02_Window */,
				CD537E0621A858F8007421A7 /* 02_WindowTests */,
				CD537E1121A858F8007421A7 /* 02_WindowUITests */,
				CD537DF421A858F8007421A7 /* Products */,
			);
			sourceTree = "<group>";
		};
		CD537DF421A858F8007421A7 /* Products */ = {
			isa = PBXGroup;
			children = (
				CD537DF321A858F8007421A7 /* 02_Window.app */,
				CD537E0321A858F8007421A7 /* 02_WindowTests.xctest */,
				CD537E0E21A858F8007421A7 /* 02_WindowUITests.xctest */,
			);
			name = Products;
			sourceTree = "<group>";
		};
		CD537DF521A858F8007421A7 /* 02_Window */ = {
			isa = PBXGroup;
			children = (
				CD537DF621A858F8007421A7 /* AppDelegate.swift */,
				CD537DF821A858F8007421A7 /* Assets.xcassets */,
				CD537E2221A8610D007421A7 /* AppIcon.png */,
				CD537DFA21A858F8007421A7 /* MainMenu.xib */,
				CD537DFD21A858F8007421A7 /* Info.plist */,
				CD537DFE21A858F8007421A7 /* _2_Window.entitlements */,
			);
			path = 02_Window;
			sourceTree = "<group>";
		};
		CD537E0621A858F8007421A7 /* 02_WindowTests */ = {
			isa = PBXGroup;
			children = (
				CD537E0721A858F8007421A7 /* _2_WindowTests.swift */,
				CD537E0921A858F8007421A7 /* Info.plist */,
			);
			path = 02_WindowTests;
			sourceTree = "<group>";
		};
		CD537E1121A858F8007421A7 /* 02_WindowUITests */ = {
			isa = PBXGroup;
			children = (
				CD537E1221A858F8007421A7 /* _2_WindowUITests.swift */,
				CD537E1421A858F8007421A7 /* Info.plist */,
			);
			path = 02_WindowUITests;
			sourceTree = "<group>";
		};
/* End PBXGroup section */

/* Begin PBXNativeTarget section */
		CD537DF221A858F8007421A7 /* 02_Window */ = {
			isa = PBXNativeTarget;
			buildConfigurationList = CD537E1721A858F8007421A7 /* Build configuration list for PBXNativeTarget "02_Window" */;
			buildPhases = (
				CD537DEF21A858F8007421A7 /* Sources */,
				CD537DF021A858F8007421A7 /* Frameworks */,
				CD537DF121A858F8007421A7 /* Resources */,
			);
			buildRules = (
			);
			dependencies = (
			);
			name = 02_Window;
			productName = 02_Window;
			productReference = CD537DF321A858F8007421A7 /* 02_Window.app */;
			productType = "com.apple.product-type.application";
		};
		CD537E0221A858F8007421A7 /* 02_WindowTests */ = {
			isa = PBXNativeTarget;
			buildConfigurationList = CD537E1A21A858F8007421A7 /* Build configuration list for PBXNativeTarget "02_WindowTests" */;
			buildPhases = (
				CD537DFF21A858F8007421A7 /* Sources */,
				CD537E0021A858F8007421A7 /* Frameworks */,
				CD537E0121A858F8007421A7 /* Resources */,
			);
			buildRules = (
			);
			dependencies = (
				CD537E0521A858F8007421A7 /* PBXTargetDependency */,
			);
			name = 02_WindowTests;
			productName = 02_WindowTests;
			productReference = CD537E0321A858F8007421A7 /* 02_WindowTests.xctest */;
			productType = "com.apple.product-type.bundle.unit-test";
		};
		CD537E0D21A858F8007421A7 /* 02_WindowUITests */ = {
			isa = PBXNativeTarget;
			buildConfigurationList = CD537E1D21A858F8007421A7 /* Build configuration list for PBXNativeTarget "02_WindowUITests" */;
			buildPhases = (
				CD537E0A21A858F8007421A7 /* Sources */,
				CD537E0B21A858F8007421A7 /* Frameworks */,
				CD537E0C21A858F8007421A7 /* Resources */,
			);
			buildRules = (
			);
			dependencies = (
				CD537E1021A858F8007421A7 /* PBXTargetDependency */,
			);
			name = 02_WindowUITests;
			productName = 02_WindowUITests;
			productReference = CD537E0E21A858F8007421A7 /* 02_WindowUITests.xctest */;
			productType = "com.apple.product-type.bundle.ui-testing";
		};
/* End PBXNativeTarget section */

/* Begin PBXProject section */
		CD537DEB21A858F7007421A7 /* Project object */ = {
			isa = PBXProject;
			attributes = {
				LastSwiftUpdateCheck = 1010;
				LastUpgradeCheck = 1010;
				ORGANIZATIONNAME = DeveloperLY;
				TargetAttributes = {
					CD537DF221A858F8007421A7 = {
						CreatedOnToolsVersion = 10.1;
					};
					CD537E0221A858F8007421A7 = {
						CreatedOnToolsVersion = 10.1;
						TestTargetID = CD537DF221A858F8007421A7;
					};
					CD537E0D21A858F8007421A7 = {
						CreatedOnToolsVersion = 10.1;
						TestTargetID = CD537DF221A858F8007421A7;
					};
				};
			};
			buildConfigurationList = CD537DEE21A858F7007421A7 /* Build configuration list for PBXProject "02_Window" */;
			compatibilityVersion = "Xcode 9.3";
			developmentRegion = en;
			hasScannedForEncodings = 0;
			knownRegions = (
				en,
				Base,
			);
			mainGroup = CD537DEA21A858F7007421A7;
			productRefGroup = CD537DF421A858F8007421A7 /* Products */;
			projectDirPath = "";
			projectRoot = "";
			targets = (
				CD537DF221A858F8007421A7 /* 02_Window */,
				CD537E0221A858F8007421A7 /* 02_WindowTests */,
				CD537E0D21A858F8007421A7 /* 02_WindowUITests */,
			);
		};
/* End PBXProject section */

/* Begin PBXResourcesBuildPhase section */
		CD537DF121A858F8007421A7 /* Resources */ = {
			isa = PBXResourcesBuildPhase;
			buildActionMask = 2147483647;
			files = (
				CD537E2321A8610D007421A7 /* AppIcon.png in Resources */,
				CD537DF921A858F8007421A7 /* Assets.xcassets in Resources */,
				CD537DFC21A858F8007421A7 /* MainMenu.xib in Resources */,
			);
			runOnlyForDeploymentPostprocessing = 0;
		};
		CD537E0121A858F8007421A7 /* Resources */ = {
			isa = PBXResourcesBuildPhase;
			buildActionMask = 2147483647;
			files = (
			);
			runOnlyForDeploymentPostprocessing = 0;
		};
		CD537E0C21A858F8007421A7 /* Resources */ = {
			isa = PBXResourcesBuildPhase;
			buildActionMask = 2147483647;
			files = (
			);
			runOnlyForDeploymentPostprocessing = 0;
		};
/* End PBXResourcesBuildPhase section */

/* Begin PBXSourcesBuildPhase section */
		CD537DEF21A858F8007421A7 /* Sources */ = {
			isa = PBXSourcesBuildPhase;
			buildActionMask = 2147483647;
			files = (
				CD537DF721A858F8007421A7 /* AppDelegate.swift in Sources */,
			);
			runOnlyForDeploymentPostprocessing = 0;
		};
		CD537DFF21A858F8007421A7 /* Sources */ = {
			isa = PBXSourcesBuildPhase;
			buildActionMask = 2147483647;
			files = (
				CD537E0821A858F8007421A7 /* _2_WindowTests.swift in Sources */,
			);
			runOnlyForDeploymentPostprocessing = 0;
		};
		CD537E0A21A858F8007421A7 /* Sources */ = {
			isa = PBXSourcesBuildPhase;
			buildActionMask = 2147483647;
			files = (
				CD537E1321A858F8007421A7 /* _2_WindowUITests.swift in Sources */,
			);
			runOnlyForDeploymentPostprocessing = 0;
		};
/* End PBXSourcesBuildPhase section */

/* Begin PBXTargetDependency section */
		CD537E0521A858F8007421A7 /* PBXTargetDependency */ = {
			isa = PBXTargetDependency;
			target = CD537DF221A858F8007421A7 /* 02_Window */;
			targetProxy = CD537E0421A858F8007421A7 /* PBXContainerItemProxy */;
		};
		CD537E1021A858F8007421A7 /* PBXTargetDependency */ = {
			isa = PBXTargetDependency;
			target = CD537DF221A858F8007421A7 /* 02_Window */;
			targetProxy = CD537E0F21A858F8007421A7 /* PBXContainerItemProxy */;
		};
/* End PBXTargetDependency section */

/* Begin PBXVariantGroup section */
		CD537DFA21A858F8007421A7 /* MainMenu.xib */ = {
			isa = PBXVariantGroup;
			children = (
				CD537DFB21A858F8007421A7 /* Base */,
			);
			name = MainMenu.xib;
			sourceTree = "<group>";
		};
/* End PBXVariantGroup section */

/* Begin XCBuildConfiguration section */
		CD537E1521A858F8007421A7 /* Debug */ = {
			isa = XCBuildConfiguration;
			buildSettings = {
				ALWAYS_SEARCH_USER_PATHS = NO;
				CLANG_ANALYZER_NONNULL = YES;
				CLANG_ANALYZER_NUMBER_OBJECT_CONVERSION = YES_AGGRESSIVE;
				CLANG_CXX_LANGUAGE_STANDARD = "gnu++14";
				CLANG_CXX_LIBRARY = "libc++";
				CLANG_ENABLE_MODULES = YES;
				CLANG_ENABLE_OBJC_ARC = YES;
				CLANG_ENABLE_OBJC_WEAK = YES;
				CLANG_WARN_BLOCK_CAPTURE_AUTORELEASING = YES;
				CLANG_WARN_BOOL_CONVERSION = YES;
				CLANG_WARN_COMMA = YES;
				CLANG_WARN_CONSTANT_CONVERSION = YES;
				CLANG_WARN_DEPRECATED_OBJC_IMPLEMENTATIONS = YES;
				CLANG_WARN_DIRECT_OBJC_ISA_USAGE = YES_ERROR;
				CLANG_WARN_DOCUMENTATION_COMMENTS = YES;
				CLANG_WARN_EMPTY_BODY = YES;
				CLANG_WARN_ENUM_CONVERSION = YES;
				CLANG_WARN_INFINITE_RECURSION = YES;
				CLANG_WARN_INT_CONVERSION = YES;
				CLANG_WARN_NON_LITERAL_NULL_CONVERSION = YES;
				CLANG_WARN_OBJC_IMPLICIT_RETAIN_SELF = YES;
				CLANG_WARN_OBJC_LITERAL_CONVERSION = YES;
				CLANG_WARN_OBJC_ROOT_CLASS = YES_ERROR;
				CLANG_WARN_RANGE_LOOP_ANALYSIS = YES;
				CLANG_WARN_STRICT_PROTOTYPES = YES;
				CLANG_WARN_SUSPICIOUS_MOVE = YES;
				CLANG_WARN_UNGUARDED_AVAILABILITY = YES_AGGRESSIVE;
				CLANG_WARN_UNREACHABLE_CODE = YES;
				CLANG_WARN__DUPLICATE_METHOD_MATCH = YES;
				CODE_SIGN_IDENTITY = "Mac Developer";
				COPY_PHASE_STRIP = NO;
				DEBUG_INFORMATION_FORMAT = dwarf;
				ENABLE_STRICT_OBJC_MSGSEND = YES;
				ENABLE_TESTABILITY = YES;
				GCC_C_LANGUAGE_STANDARD = gnu11;
				GCC_DYNAMIC_NO_PIC = NO;
				GCC_NO_COMMON_BLOCKS = YES;
				GCC_OPTIMIZATION_LEVEL = 0;
				GCC_PREPROCESSOR_DEFINITIONS = (
					"DEBUG=1",
					"$(inherited)",
				);
				GCC_WARN_64_TO_32_BIT_CONVERSION = YES;
				GCC_WARN_ABOUT_RETURN_TYPE = YES_ERROR;
				GCC_WARN_UNDECLARED_SELECTOR = YES;
				GCC_WARN_UNINITIALIZED_AUTOS = YES_AGGRESSIVE;
				GCC_WARN_UNUSED_FUNCTION = YES;
				GCC_WARN_UNUSED_VARIABLE = YES;
				MACOSX_DEPLOYMENT_TARGET = 10.14;
				MTL_ENABLE_DEBUG_INFO = INCLUDE_SOURCE;
				MTL_FAST_MATH = YES;
				ONLY_ACTIVE_ARCH = YES;
				SDKROOT = macosx;
				SWIFT_ACTIVE_COMPILATION_CONDITIONS = DEBUG;
				SWIFT_OPTIMIZATION_LEVEL = "-Onone";
			};
			name = Debug;
		};
		CD537E1621A858F8007421A7 /* Release */ = {
			isa = XCBuildConfiguration;
			buildSettings = {
				ALWAYS_SEARCH_USER_PATHS = NO;
				CLANG_ANALYZER_NONNULL = YES;
				CLANG_ANALYZER_NUMBER_OBJECT_CONVERSION = YES_AGGRESSIVE;
				CLANG_CXX_LANGUAGE_STANDARD = "gnu++14";
				CLANG_CXX_LIBRARY = "libc++";
				CLANG_ENABLE_MODULES = YES;
				CLANG_ENABLE_OBJC_ARC = YES;
				CLANG_ENABLE_OBJC_WEAK = YES;
				CLANG_WARN_BLOCK_CAPTURE_AUTORELEASING = YES;
				CLANG_WARN_BOOL_CONVERSION = YES;
				CLANG_WARN_COMMA = YES;
				CLANG_WARN_CONSTANT_CONVERSION = YES;
				CLANG_WARN_DEPRECATED_OBJC_IMPLEMENTATIONS = YES;
				CLANG_WARN_DIRECT_OBJC_ISA_USAGE = YES_ERROR;
				CLANG_WARN_DOCUMENTATION_COMMENTS = YES;
				CLANG_WARN_EMPTY_BODY = YES;
				CLANG_WARN_ENUM_CONVERSION = YES;
				CLANG_WARN_INFINITE_RECURSION = YES;
				CLANG_WARN_INT_CONVERSION = YES;
				CLANG_WARN_NON_LITERAL_NULL_CONVERSION = YES;
				CLANG_WARN_OBJC_IMPLICIT_RETAIN_SELF = YES;
				CLANG_WARN_OBJC_LITERAL_CONVERSION = YES;
				CLANG_WARN_OBJC_ROOT_CLASS = YES_ERROR;
				CLANG_WARN_RANGE_LOOP_ANALYSIS = YES;
				CLANG_WARN_STRICT_PROTOTYPES = YES;
				CLANG_WARN_SUSPICIOUS_MOVE = YES;
				CLANG_WARN_UNGUARDED_AVAILABILITY = YES_AGGRESSIVE;
				CLANG_WARN_UNREACHABLE_CODE = YES;
				CLANG_WARN__DUPLICATE_METHOD_MATCH = YES;
				CODE_SIGN_IDENTITY = "Mac Developer";
				COPY_PHASE_STRIP = NO;
				DEBUG_INFORMATION_FORMAT = "dwarf-with-dsym";
				ENABLE_NS_ASSERTIONS = NO;
				ENABLE_STRICT_OBJC_MSGSEND = YES;
				GCC_C_LANGUAGE_STANDARD = gnu11;
				GCC_NO_COMMON_BLOCKS = YES;
				GCC_WARN_64_TO_32_BIT_CONVERSION = YES;
				GCC_WARN_ABOUT_RETURN_TYPE = YES_ERROR;
				GCC_WARN_UNDECLARED_SELECTOR = YES;
				GCC_WARN_UNINITIALIZED_AUTOS = YES_AGGRESSIVE;
				GCC_WARN_UNUSED_FUNCTION = YES;
				GCC_WARN_UNUSED_VARIABLE = YES;
				MACOSX_DEPLOYMENT_TARGET = 10.14;
				MTL_ENABLE_DEBUG_INFO = NO;
				MTL_FAST_MATH = YES;
				SDKROOT = macosx;
				SWIFT_COMPILATION_MODE = wholemodule;
				SWIFT_OPTIMIZATION_LEVEL = "-O";
			};
			name = Release;
		};
		CD537E1821A858F8007421A7 /* Debug */ = {
			isa = XCBuildConfiguration;
			buildSettings = {
				ASSETCATALOG_COMPILER_APPICON_NAME = AppIcon;
				CODE_SIGN_ENTITLEMENTS = 02_Window/_2_Window.entitlements;
				CODE_SIGN_STYLE = Automatic;
				COMBINE_HIDPI_IMAGES = YES;
				DEVELOPMENT_TEAM = 342VP95RM8;
				INFOPLIST_FILE = 02_Window/Info.plist;
				LD_RUNPATH_SEARCH_PATHS = (
					"$(inherited)",
					"@executable_path/../Frameworks",
				);
				PRODUCT_BUNDLE_IDENTIFIER = "net.developerly.-2-Window";
				PRODUCT_NAME = "$(TARGET_NAME)";
				SWIFT_VERSION = 4.2;
			};
			name = Debug;
		};
		CD537E1921A858F8007421A7 /* Release */ = {
			isa = XCBuildConfiguration;
			buildSettings = {
				ASSETCATALOG_COMPILER_APPICON_NAME = AppIcon;
				CODE_SIGN_ENTITLEMENTS = 02_Window/_2_Window.entitlements;
				CODE_SIGN_STYLE = Automatic;
				COMBINE_HIDPI_IMAGES = YES;
				DEVELOPMENT_TEAM = 342VP95RM8;
				INFOPLIST_FILE = 02_Window/Info.plist;
				LD_RUNPATH_SEARCH_PATHS = (
					"$(inherited)",
					"@executable_path/../Frameworks",
				);
				PRODUCT_BUNDLE_IDENTIFIER = "net.developerly.-2-Window";
				PRODUCT_NAME = "$(TARGET_NAME)";
				SWIFT_VERSION = 4.2;
			};
			name = Release;
		};
		CD537E1B21A858F8007421A7 /* Debug */ = {
			isa = XCBuildConfiguration;
			buildSettings = {
				ALWAYS_EMBED_SWIFT_STANDARD_LIBRARIES = YES;
				BUNDLE_LOADER = "$(TEST_HOST)";
				CODE_SIGN_STYLE = Automatic;
				COMBINE_HIDPI_IMAGES = YES;
				DEVELOPMENT_TEAM = 342VP95RM8;
				INFOPLIST_FILE = 02_WindowTests/Info.plist;
				LD_RUNPATH_SEARCH_PATHS = (
					"$(inherited)",
					"@executable_path/../Frameworks",
					"@loader_path/../Frameworks",
				);
				PRODUCT_BUNDLE_IDENTIFIER = "net.developerly.-2-WindowTests";
				PRODUCT_NAME = "$(TARGET_NAME)";
				SWIFT_VERSION = 4.2;
				TEST_HOST = "$(BUILT_PRODUCTS_DIR)/02_Window.app/Contents/MacOS/02_Window";
			};
			name = Debug;
		};
		CD537E1C21A858F8007421A7 /* Release */ = {
			isa = XCBuildConfiguration;
			buildSettings = {
				ALWAYS_EMBED_SWIFT_STANDARD_LIBRARIES = YES;
				BUNDLE_LOADER = "$(TEST_HOST)";
				CODE_SIGN_STYLE = Automatic;
				COMBINE_HIDPI_IMAGES = YES;
				DEVELOPMENT_TEAM = 342VP95RM8;
				INFOPLIST_FILE = 02_WindowTests/Info.plist;
				LD_RUNPATH_SEARCH_PATHS = (
					"$(inherited)",
					"@executable_path/../Frameworks",
					"@loader_path/../Frameworks",
				);
				PRODUCT_BUNDLE_IDENTIFIER = "net.developerly.-2-WindowTests";
				PRODUCT_NAME = "$(TARGET_NAME)";
				SWIFT_VERSION = 4.2;
				TEST_HOST = "$(BUILT_PRODUCTS_DIR)/02_Window.app/Contents/MacOS/02_Window";
			};
			name = Release;
		};
		CD537E1E21A858F8007421A7 /* Debug */ = {
			isa = XCBuildConfiguration;
			buildSettings = {
				ALWAYS_EMBED_SWIFT_STANDARD_LIBRARIES = YES;
				CODE_SIGN_STYLE = Automatic;
				COMBINE_HIDPI_IMAGES = YES;
				DEVELOPMENT_TEAM = 342VP95RM8;
				INFOPLIST_FILE = 02_WindowUITests/Info.plist;
				LD_RUNPATH_SEARCH_PATHS = (
					"$(inherited)",
					"@executable_path/../Frameworks",
					"@loader_path/../Frameworks",
				);
				PRODUCT_BUNDLE_IDENTIFIER = "net.developerly.-2-WindowUITests";
				PRODUCT_NAME = "$(TARGET_NAME)";
				SWIFT_VERSION = 4.2;
				TEST_TARGET_NAME = 02_Window;
			};
			name = Debug;
		};
		CD537E1F21A858F8007421A7 /* Release */ = {
			isa = XCBuildConfiguration;
			buildSettings = {
				ALWAYS_EMBED_SWIFT_STANDARD_LIBRARIES = YES;
				CODE_SIGN_STYLE = Automatic;
				COMBINE_HIDPI_IMAGES = YES;
				DEVELOPMENT_TEAM = 342VP95RM8;
				INFOPLIST_FILE = 02_WindowUITests/Info.plist;
				LD_RUNPATH_SEARCH_PATHS = (
					"$(inherited)",
					"@executable_path/../Frameworks",
					"@loader_path/../Frameworks",
				);
				PRODUCT_BUNDLE_IDENTIFIER = "net.developerly.-2-WindowUITests";
				PRODUCT_NAME = "$(TARGET_NAME)";
				SWIFT_VERSION = 4.2;
				TEST_TARGET_NAME = 02_Window;
			};
			name = Release;
		};
/* End XCBuildConfiguration section */

/* Begin XCConfigurationList section */
		CD537DEE21A858F7007421A7 /* Build configuration list for PBXProject "02_Window" */ = {
			isa = XCConfigurationList;
			buildConfigurations = (
				CD537E1521A858F8007421A7 /* Debug */,
				CD537E1621A858F8007421A7 /* Release */,
			);
			defaultConfigurationIsVisible = 0;
			defaultConfigurationName = Release;
		};
		CD537E1721A858F8007421A7 /* Build configuration list for PBXNativeTarget "02_Window" */ = {
			isa = XCConfigurationList;
			buildConfigurations = (
				CD537E1821A858F8007421A7 /* Debug */,
				CD537E1921A858F8007421A7 /* Release */,
			);
			defaultConfigurationIsVisible = 0;
			defaultConfigurationName = Release;
		};
		CD537E1A21A858F8007421A7 /* Build configuration list for PBXNativeTarget "02_WindowTests" */ = {
			isa = XCConfigurationList;
			buildConfigurations = (
				CD537E1B21A858F8007421A7 /* Debug */,
				CD537E1C21A858F8007421A7 /* Release */,
			);
			defaultConfigurationIsVisible = 0;
			defaultConfigurationName = Release;
		};
		CD537E1D21A858F8007421A7 /* Build configuration list for PBXNativeTarget "02_WindowUITests" */ = {
			isa = XCConfigurationList;
			buildConfigurations = (
				CD537E1E21A858F8007421A7 /* Debug */,
				CD537E1F21A858F8007421A7 /* Release */,
			);
			defaultConfigurationIsVisible = 0;
			defaultConfigurationName = Release;
		};
/* End XCConfigurationList section */
	};
	rootObject = CD537DEB21A858F7007421A7 /* Project object */;
}
